
Microsoft Visual Studio Solution File, Format Version 12.00
# Visual Studio Version 17
VisualStudioVersion = 17.5.33627.172
MinimumVisualStudioVersion = 10.0.40219.1
Project("{FAE04EC0-301F-11D3-BF4B-00C04F79EFBC}") = "ServiceProcessingApplication", "ServiceProcessingApplication.csproj", "{1D9AA104-04C5-4E9D-B9C3-EDB599513E19}"
EndProject
Global
	GlobalSection(SolutionConfigurationPlatforms) = preSolution
		Debug|Any CPU = Debug|Any CPU
		Release|Any CPU = Release|Any CPU
	EndGlobalSection
	GlobalSection(ProjectConfigurationPlatforms) = postSolution
		{1D9AA104-04C5-4E9D-B9C3-EDB599513E19}.Debug|Any CPU.ActiveCfg = Debug|Any CPU
		{1D9AA104-04C5-4E9D-B9C3-EDB599513E19}.Debug|Any CPU.Build.0 = Debug|Any CPU
		{1D9AA104-04C5-4E9D-B9C3-EDB599513E19}.Release|Any CPU.ActiveCfg = Release|Any CPU
		{1D9AA104-04C5-4E9D-B9C3-EDB599513E19}.Release|Any CPU.Build.0 = Release|Any CPU
	EndGlobalSection
	GlobalSection(SolutionProperties) = preSolution
		HideSolutionNode = FALSE
	EndGlobalSection
	GlobalSection(ExtensibilityGlobals) = postSolution
		SolutionGuid = {4FD410E3-A263-456B-BBF9-8C49E83C0589}
	EndGlobalSection
EndGlobal
